
Microsoft Visual Studio Solution File, Format Version 12.00
# Visual Studio Version 16
VisualStudioVersion = 16.0.29009.5
MinimumVisualStudioVersion = 10.0.40219.1
Project("{9A19103F-16F7-4668-BE54-9A1E7A4F7556}") = "SimpleJob", "SimpleJob\SimpleJob.csproj", "{1CB414E4-60D8-4CFD-B1A5-DE93EB83ECBE}"
EndProject
Project("{2150E333-8FDC-42A3-9474-1A3956D46DE8}") = "Solution Items", "Solution Items", "{CDE9AB72-6067-48A6-9350-927E26D7A589}"
	ProjectSection(SolutionItems) = preProject
		.dockerignore = .dockerignore
		.gitattributes = .gitattributes
		.gitignore = .gitignore
	EndProjectSection
EndProject
Global
	GlobalSection(SolutionConfigurationPlatforms) = preSolution
		Debug|Any CPU = Debug|Any CPU
		Release|Any CPU = Release|Any CPU
	EndGlobalSection
	GlobalSection(ProjectConfigurationPlatforms) = postSolution
		{1CB414E4-60D8-4CFD-B1A5-DE93EB83ECBE}.Debug|Any CPU.ActiveCfg = Debug|Any CPU
		{1CB414E4-60D8-4CFD-B1A5-DE93EB83ECBE}.Debug|Any CPU.Build.0 = Debug|Any CPU
		{1CB414E4-60D8-4CFD-B1A5-DE93EB83ECBE}.Release|Any CPU.ActiveCfg = Release|Any CPU
		{1CB414E4-60D8-4CFD-B1A5-DE93EB83ECBE}.Release|Any CPU.Build.0 = Release|Any CPU
	EndGlobalSection
	GlobalSection(SolutionProperties) = preSolution
		HideSolutionNode = FALSE
	EndGlobalSection
	GlobalSection(ExtensibilityGlobals) = postSolution
		SolutionGuid = {31B9B1FF-B0AF-4B87-B5CE-00950DB69B5D}
	EndGlobalSection
EndGlobal
